{
  "version": 1,
  "dependencies": {
    "net9.0-windows7.0": {
      "CsvHelper": {
        "type": "Direct",
        "requested": "[33.1.0, )",
        "resolved": "33.1.0",
        "contentHash": "kqfTOZGrn7NarNeXgjh86JcpTHUoeQDMB8t9NVa/ZtlSYiV1rxfRnQ49WaJsob4AiGrbK0XDzpyKkBwai4F8eg=="
      },
      "DalamudPackager": {
        "type": "Direct",
        "requested": "[13.0.0, )",
        "resolved": "13.0.0",
        "contentHash": "Mb3cUDSK/vDPQ8gQIeuCw03EMYrej1B4J44a1AvIJ9C759p9XeqdU9Hg4WgOmlnlPe0G7ILTD32PKSUpkQNa8w=="
      },
      "ECommons": {
        "type": "Direct",
        "requested": "[3.0.1.4, )",
        "resolved": "3.0.1.4",
        "contentHash": "2y+a00JlMFOojwvkG5sKFb3kyXCRFXHWrWzasOMm8/zo2suulNdv38T/pnfIZotfu4QNc4TJqyWwSLNOmUDqWw=="
      },
      "MessagePack": {
        "type": "Direct",
        "requested": "[3.1.3, )",
        "resolved": "3.1.3",
        "contentHash": "UiNv3fknvPzh5W+S0VV96R17RBZQQU71qgmsMnjjRZU2rtQM/XcTnOB+klT2dA6T1mxjnNKYrEm164AoXvGmYg==",
        "dependencies": {
          "MessagePack.Annotations": "3.1.3",
          "MessagePackAnalyzer": "3.1.3",
          "Microsoft.NET.StringTools": "17.11.4"
        }
      },
      "Microsoft.Data.Sqlite": {
        "type": "Direct",
        "requested": "[9.0.2, )",
        "resolved": "9.0.2",
        "contentHash": "61su148W1dVLxlTnDAQb870RhYrzHJ1OE4ggtOpM/V+xRlzWL9nbJ9Gj6lROhpZnYxoVXXBxOm9rnk12mn2vtA==",
        "dependencies": {
          "Microsoft.Data.Sqlite.Core": "9.0.2",
          "SQLitePCLRaw.bundle_e_sqlite3": "2.1.10",
          "SQLitePCLRaw.core": "2.1.10"
        }
      },
      "SqlKata": {
        "type": "Direct",
        "requested": "[4.0.1, )",
        "resolved": "4.0.1",
        "contentHash": "uGGSjc5tHMQCTy17EZxXr74ty4P79rjtuiPWT2VsZQ8v+K6uoLaTyW050ezU3VRBmaL00b5+x0+6OfjA3l9USA=="
      },
      "SqlKata.Execution": {
        "type": "Direct",
        "requested": "[4.0.1, )",
        "resolved": "4.0.1",
        "contentHash": "pFQg2Jn6sKtrDJyQBAYFvJQr7o5uB1rlUtOqxmLYkfPeAx6Nx8MFU1WyqE6LzYkVG6fKH2sNgG9VXl6EOKavPA==",
        "dependencies": {
          "Humanizer.Core": "2.8.26",
          "SqlKata": "4.0.1",
          "dapper": "2.0.123"
        }
      },
      "Dapper": {
        "type": "Transitive",
        "resolved": "2.0.123",
        "contentHash": "RDFF4rBLLmbpi6pwkY7q/M6UXHRJEOerplDGE5jwEkP/JGJnBauAClYavNKJPW1yOTWRPIyfj4is3EaJxQXILQ=="
      },
      "Humanizer.Core": {
        "type": "Transitive",
        "resolved": "2.8.26",
        "contentHash": "OiKusGL20vby4uDEswj2IgkdchC1yQ6rwbIkZDVBPIR6al2b7n3pC91elBul9q33KaBgRKhbZH3+2Ur4fnWx2A=="
      },
      "MessagePack.Annotations": {
        "type": "Transitive",
        "resolved": "3.1.3",
        "contentHash": "XTy4njgTAf6UVBKFj7c7ad5R0WVKbvAgkbYZy4f00kplzX2T3VOQ34AUke/Vn/QgQZ7ETdd34/IDWS3KBInSGA=="
      },
      "MessagePackAnalyzer": {
        "type": "Transitive",
        "resolved": "3.1.3",
        "contentHash": "19u1oVNv2brCs5F/jma8O8CnsKMMpYwNqD0CAEDEzvqwDTAhqC9r7xHZP4stPb3APs/ryO/zVn7LvjoEHfvs7Q=="
      },
      "Microsoft.Data.Sqlite.Core": {
        "type": "Transitive",
        "resolved": "9.0.2",
        "contentHash": "lJbaLhjWnnPfLhZrQXPri5F0pmlJXg68yCSf5aRM3qFF8WD7dT1jnQUuBd3YvT5s1VDOH9t/6filPcTIOwZR7Q==",
        "dependencies": {
          "SQLitePCLRaw.core": "2.1.10"
        }
      },
      "Microsoft.NET.StringTools": {
        "type": "Transitive",
        "resolved": "17.11.4",
        "contentHash": "mudqUHhNpeqIdJoUx2YDWZO/I9uEDYVowan89R6wsomfnUJQk6HteoQTlNjZDixhT2B4IXMkMtgZtoceIjLRmA=="
      },
      "SQLitePCLRaw.bundle_e_sqlite3": {
        "type": "Transitive",
        "resolved": "2.1.10",
        "contentHash": "UxWuisvZ3uVcVOLJQv7urM/JiQH+v3TmaJc1BLKl5Dxfm/nTzTUrqswCqg/INiYLi61AXnHo1M1JPmPqqLnAdg==",
        "dependencies": {
          "SQLitePCLRaw.lib.e_sqlite3": "2.1.10",
          "SQLitePCLRaw.provider.e_sqlite3": "2.1.10"
        }
      },
      "SQLitePCLRaw.core": {
        "type": "Transitive",
        "resolved": "2.1.10",
        "contentHash": "Ii8JCbC7oiVclaE/mbDEK000EFIJ+ShRPwAvvV89GOZhQ+ZLtlnSWl6ksCNMKu/VGXA4Nfi2B7LhN/QFN9oBcw==",
        "dependencies": {
          "System.Memory": "4.5.3"
        }
      },
      "SQLitePCLRaw.lib.e_sqlite3": {
        "type": "Transitive",
        "resolved": "2.1.10",
        "contentHash": "mAr69tDbnf3QJpRy2nJz8Qdpebdil00fvycyByR58Cn9eARvR+UiG2Vzsp+4q1tV3ikwiYIjlXCQFc12GfebbA=="
      },
      "SQLitePCLRaw.provider.e_sqlite3": {
        "type": "Transitive",
        "resolved": "2.1.10",
        "contentHash": "uZVTi02C1SxqzgT0HqTWatIbWGb40iIkfc3FpFCpE/r7g6K0PqzDUeefL6P6HPhDtc6BacN3yQysfzP7ks+wSQ==",
        "dependencies": {
          "SQLitePCLRaw.core": "2.1.10"
        }
      },
      "System.Memory": {
        "type": "Transitive",
        "resolved": "4.5.3",
        "contentHash": "3oDzvc/zzetpTKWMShs1AADwZjQ/36HnsufHRPcOjyRAAMLDlu2iD33MBI2opxnezcVUtXyqDXXjoFMOU9c7SA=="
      },
      "nightmareui": {
        "type": "Project",
        "dependencies": {
          "ECommons": "[3.0.1.4, )"
        }
      }
    },
    "net9.0-windows7.0/win-x64": {
      "SQLitePCLRaw.lib.e_sqlite3": {
        "type": "Transitive",
        "resolved": "2.1.10",
        "contentHash": "mAr69tDbnf3QJpRy2nJz8Qdpebdil00fvycyByR58Cn9eARvR+UiG2Vzsp+4q1tV3ikwiYIjlXCQFc12GfebbA=="
      }
    }
  }
}